
Microsoft Visual Studio Solution File, Format Version 12.00
# Visual Studio Version 16
VisualStudioVersion = 16.0.30804.86
MinimumVisualStudioVersion = 10.0.40219.1
Project("{FAE04EC0-301F-11D3-BF4B-00C04F79EFBC}") = "ClassMethodDemo", "ClassMethodDemo\ClassMethodDemo.csproj", "{7A8FF234-30DA-4D85-BB63-8EBEC0590344}"
EndProject
Global
	GlobalSection(SolutionConfigurationPlatforms) = preSolution
		Debug|Any CPU = Debug|Any CPU
		Release|Any CPU = Release|Any CPU
	EndGlobalSection
	GlobalSection(ProjectConfigurationPlatforms) = postSolution
		{7A8FF234-30DA-4D85-BB63-8EBEC0590344}.Debug|Any CPU.ActiveCfg = Debug|Any CPU
		{7A8FF234-30DA-4D85-BB63-8EBEC0590344}.Debug|Any CPU.Build.0 = Debug|Any CPU
		{7A8FF234-30DA-4D85-BB63-8EBEC0590344}.Release|Any CPU.ActiveCfg = Release|Any CPU
		{7A8FF234-30DA-4D85-BB63-8EBEC0590344}.Release|Any CPU.Build.0 = Release|Any CPU
	EndGlobalSection
	GlobalSection(SolutionProperties) = preSolution
		HideSolutionNode = FALSE
	EndGlobalSection
	GlobalSection(ExtensibilityGlobals) = postSolution
		SolutionGuid = {744B264A-FC85-4CB0-BC3F-11F3F423513E}
	EndGlobalSection
EndGlobal
